
Microsoft Visual Studio Solution File, Format Version 12.00
# Visual Studio Version 16
VisualStudioVersion = 16.0.29215.179
MinimumVisualStudioVersion = 10.0.40219.1
Project("{888888A0-9F3D-457C-B088-3A5042F75D52}") = "PythonChatServer", "PythonChatServer\PythonChatServer.pyproj", "{C863FFE5-0693-4C4F-B05E-53D1E2E5EB59}"
EndProject
Global
	GlobalSection(SolutionConfigurationPlatforms) = preSolution
		Debug|Any CPU = Debug|Any CPU
		Release|Any CPU = Release|Any CPU
	EndGlobalSection
	GlobalSection(ProjectConfigurationPlatforms) = postSolution
		{C863FFE5-0693-4C4F-B05E-53D1E2E5EB59}.Debug|Any CPU.ActiveCfg = Debug|Any CPU
		{C863FFE5-0693-4C4F-B05E-53D1E2E5EB59}.Release|Any CPU.ActiveCfg = Release|Any CPU
	EndGlobalSection
	GlobalSection(SolutionProperties) = preSolution
		HideSolutionNode = FALSE
	EndGlobalSection
	GlobalSection(ExtensibilityGlobals) = postSolution
		SolutionGuid = {1B81B72B-CD8E-4CC1-B307-92CB43551F07}
	EndGlobalSection
EndGlobal
